PODS:
  - device_info_plus (0.0.1):
    - Flutter
  - Flutter (1.0.0)
  - permission_handler_apple (9.1.1):
    - Flutter
  - url_launcher (0.0.1):
    - Flutter
  - webview_flutter_wkwebview (0.0.1):
    - Flutter

DEPENDENCIES:
  - device_info_plus (from `.symlinks/plugins/device_info_plus/ios`)
  - Flutter (from `Flutter`)
  - permission_handler_apple (from `.symlinks/plugins/permission_handler_apple/ios`)
  - url_launcher (from `.symlinks/plugins/url_launcher/ios`)
  - webview_flutter_wkwebview (from `.symlinks/plugins/webview_flutter_wkwebview/ios`)

EXTERNAL SOURCES:
  device_info_plus:
    :path: ".symlinks/plugins/device_info_plus/ios"
  Flutter:
    :path: Flutter
  permission_handler_apple:
    :path: ".symlinks/plugins/permission_handler_apple/ios"
  url_launcher:
    :path: ".symlinks/plugins/url_launcher/ios"
  webview_flutter_wkwebview:
    :path: ".symlinks/plugins/webview_flutter_wkwebview/ios"

SPEC CHECKSUMS:
  device_info_plus: 7545d84d8d1b896cb16a4ff98c19f07ec4b298ea
  Flutter: f04841e97a9d0b0a8025694d0796dd46242b2854
  permission_handler_apple: e76247795d700c14ea09e3a2d8855d41ee80a2e6
  url_launcher: b6e016d912f04be9f5bf6e8e82dc599b7ba59649
  webview_flutter_wkwebview: b7e70ef1ddded7e69c796c7390ee74180182971f

PODFILE CHECKSUM: d33a48da67588202458c4994579c5ac8eaf775b2

COCOAPODS: 1.11.2
